// !$*UTF8*$!
{
	archiveVersion = 1;
	classes = {
	};
	objectVersion = 48;
	objects = {

/* Begin PBXBuildFile section */
		1298C94720B03CC700ED2183 /* AppDelegate.swift in Sources */ = {isa = PBXBuildFile; fileRef = 1298C94620B03CC700ED2183 /* AppDelegate.swift */; };
		1298C94920B03CC700ED2183 /* CommentsViewController.swift in Sources */ = {isa = PBXBuildFile; fileRef = 1298C94820B03CC700ED2183 /* CommentsViewController.swift */; };
		1298C94C20B03CC700ED2183 /* Comments.storyboard in Resources */ = {isa = PBXBuildFile; fileRef = 1298C94A20B03CC700ED2183 /* Comments.storyboard */; };
		1298C94E20B03CC700ED2183 /* Assets.xcassets in Resources */ = {isa = PBXBuildFile; fileRef = 1298C94D20B03CC700ED2183 /* Assets.xcassets */; };
		1298C95120B03CC700ED2183 /* LaunchScreen.storyboard in Resources */ = {isa = PBXBuildFile; fileRef = 1298C94F20B03CC700ED2183 /* LaunchScreen.storyboard */; };
		12AF7B7E20B10B48006B5AD3 /* CommentCell.swift in Sources */ = {isa = PBXBuildFile; fileRef = 12AF7B7D20B10B48006B5AD3 /* CommentCell.swift */; };
		12AF7B8020B10E81006B5AD3 /* Comment.swift in Sources */ = {isa = PBXBuildFile; fileRef = 12AF7B7F20B10E81006B5AD3 /* Comment.swift */; };
		12AF7B8320B11351006B5AD3 /* NetworkService.swift in Sources */ = {isa = PBXBuildFile; fileRef = 12AF7B8220B11351006B5AD3 /* NetworkService.swift */; };
		12AF7B8620B11913006B5AD3 /* CommentNetworkService.swift in Sources */ = {isa = PBXBuildFile; fileRef = 12AF7B8520B11913006B5AD3 /* CommentNetworkService.swift */; };
		12AF7B8820B11B2D006B5AD3 /* GetCommentResponse.swift in Sources */ = {isa = PBXBuildFile; fileRef = 12AF7B8720B11B2D006B5AD3 /* GetCommentResponse.swift */; };
		12C8B35520B1F392007E39DE /* NeworkError.swift in Sources */ = {isa = PBXBuildFile; fileRef = 12C8B35420B1F392007E39DE /* NeworkError.swift */; };
/* End PBXBuildFile section */

/* Begin PBXFileReference section */
		1298C94320B03CC700ED2183 /* MVC-N.app */ = {isa = PBXFileReference; explicitFileType = wrapper.application; includeInIndex = 0; path = "MVC-N.app"; sourceTree = BUILT_PRODUCTS_DIR; };
		1298C94620B03CC700ED2183 /* AppDelegate.swift */ = {isa = PBXFileReference; lastKnownFileType = sourcecode.swift; path = AppDelegate.swift; sourceTree = "<group>"; };
		1298C94820B03CC700ED2183 /* CommentsViewController.swift */ = {isa = PBXFileReference; lastKnownFileType = sourcecode.swift; path = CommentsViewController.swift; sourceTree = "<group>"; };
		1298C94B20B03CC700ED2183 /* Base */ = {isa = PBXFileReference; lastKnownFileType = file.storyboard; name = Base; path = Base.lproj/Comments.storyboard; sourceTree = "<group>"; };
		1298C94D20B03CC700ED2183 /* Assets.xcassets */ = {isa = PBXFileReference; lastKnownFileType = folder.assetcatalog; path = Assets.xcassets; sourceTree = "<group>"; };
		1298C95020B03CC700ED2183 /* Base */ = {isa = PBXFileReference; lastKnownFileType = file.storyboard; name = Base; path = Base.lproj/LaunchScreen.storyboard; sourceTree = "<group>"; };
		1298C95220B03CC700ED2183 /* Info.plist */ = {isa = PBXFileReference; lastKnownFileType = text.plist.xml; path = Info.plist; sourceTree = "<group>"; };
		12AF7B7D20B10B48006B5AD3 /* CommentCell.swift */ = {isa = PBXFileReference; lastKnownFileType = sourcecode.swift; path = CommentCell.swift; sourceTree = "<group>"; };
		12AF7B7F20B10E81006B5AD3 /* Comment.swift */ = {isa = PBXFileReference; lastKnownFileType = sourcecode.swift; path = Comment.swift; sourceTree = "<group>"; };
		12AF7B8220B11351006B5AD3 /* NetworkService.swift */ = {isa = PBXFileReference; lastKnownFileType = sourcecode.swift; path = NetworkService.swift; sourceTree = "<group>"; };
		12AF7B8520B11913006B5AD3 /* CommentNetworkService.swift */ = {isa = PBXFileReference; lastKnownFileType = sourcecode.swift; path = CommentNetworkService.swift; sourceTree = "<group>"; };
		12AF7B8720B11B2D006B5AD3 /* GetCommentResponse.swift */ = {isa = PBXFileReference; lastKnownFileType = sourcecode.swift; path = GetCommentResponse.swift; sourceTree = "<group>"; };
		12C8B35420B1F392007E39DE /* NeworkError.swift */ = {isa = PBXFileReference; lastKnownFileType = sourcecode.swift; path = NeworkError.swift; sourceTree = "<group>"; };
/* End PBXFileReference section */

/* Begin PBXFrameworksBuildPhase section */
		1298C94020B03CC700ED2183 /* Frameworks */ = {
			isa = PBXFrameworksBuildPhase;
			buildActionMask = 2147483647;
			files = (
			);
			runOnlyForDeploymentPostprocessing = 0;
		};
/* End PBXFrameworksBuildPhase section */

/* Begin PBXGroup section */
		1298C93A20B03CC700ED2183 = {
			isa = PBXGroup;
			children = (
				1298C94520B03CC700ED2183 /* MVC-N */,
				1298C94420B03CC700ED2183 /* Products */,
			);
			sourceTree = "<group>";
		};
		1298C94420B03CC700ED2183 /* Products */ = {
			isa = PBXGroup;
			children = (
				1298C94320B03CC700ED2183 /* MVC-N.app */,
			);
			name = Products;
			sourceTree = "<group>";
		};
		1298C94520B03CC700ED2183 /* MVC-N */ = {
			isa = PBXGroup;
			children = (
				1298C95B20B0431400ED2183 /* Application */,
				1298C95C20B0438F00ED2183 /* Comments */,
				1298C96020B0443C00ED2183 /* SupportingFiles */,
			);
			path = "MVC-N";
			sourceTree = "<group>";
		};
		1298C95820B042C900ED2183 /* Model */ = {
			isa = PBXGroup;
			children = (
				12C8B35420B1F392007E39DE /* NeworkError.swift */,
			);
			path = Model;
			sourceTree = "<group>";
		};
		1298C95920B042D200ED2183 /* View */ = {
			isa = PBXGroup;
			children = (
				1298C94F20B03CC700ED2183 /* LaunchScreen.storyboard */,
			);
			path = View;
			sourceTree = "<group>";
		};
		1298C95A20B042DB00ED2183 /* Controller */ = {
			isa = PBXGroup;
			children = (
				1298C94620B03CC700ED2183 /* AppDelegate.swift */,
			);
			path = Controller;
			sourceTree = "<group>";
		};
		1298C95B20B0431400ED2183 /* Application */ = {
			isa = PBXGroup;
			children = (
				1298C95820B042C900ED2183 /* Model */,
				1298C95920B042D200ED2183 /* View */,
				1298C95A20B042DB00ED2183 /* Controller */,
				12AF7B8120B1126B006B5AD3 /* NetworkService */,
			);
			path = Application;
			sourceTree = "<group>";
		};
		1298C95C20B0438F00ED2183 /* Comments */ = {
			isa = PBXGroup;
			children = (
				1298C95F20B043C100ED2183 /* Model */,
				1298C95E20B043B900ED2183 /* View */,
				1298C95D20B043AF00ED2183 /* Controller */,
				12AF7B8420B118C9006B5AD3 /* CommentNetworkService */,
			);
			path = Comments;
			sourceTree = "<group>";
		};
		1298C95D20B043AF00ED2183 /* Controller */ = {
			isa = PBXGroup;
			children = (
				1298C94820B03CC700ED2183 /* CommentsViewController.swift */,
			);
			path = Controller;
			sourceTree = "<group>";
		};
		1298C95E20B043B900ED2183 /* View */ = {
			isa = PBXGroup;
			children = (
				1298C94A20B03CC700ED2183 /* Comments.storyboard */,
				12AF7B7D20B10B48006B5AD3 /* CommentCell.swift */,
			);
			path = View;
			sourceTree = "<group>";
		};
		1298C95F20B043C100ED2183 /* Model */ = {
			isa = PBXGroup;
			children = (
				12C8B35320B1F26F007E39DE /* Responses */,
				12AF7B7F20B10E81006B5AD3 /* Comment.swift */,
			);
			path = Model;
			sourceTree = "<group>";
		};
		1298C96020B0443C00ED2183 /* SupportingFiles */ = {
			isa = PBXGroup;
			children = (
				1298C94D20B03CC700ED2183 /* Assets.xcassets */,
				1298C95220B03CC700ED2183 /* Info.plist */,
			);
			path = SupportingFiles;
			sourceTree = "<group>";
		};
		12AF7B8120B1126B006B5AD3 /* NetworkService */ = {
			isa = PBXGroup;
			children = (
				12AF7B8220B11351006B5AD3 /* NetworkService.swift */,
			);
			path = NetworkService;
			sourceTree = "<group>";
		};
		12AF7B8420B118C9006B5AD3 /* CommentNetworkService */ = {
			isa = PBXGroup;
			children = (
				12AF7B8520B11913006B5AD3 /* CommentNetworkService.swift */,
			);
			path = CommentNetworkService;
			sourceTree = "<group>";
		};
		12C8B35320B1F26F007E39DE /* Responses */ = {
			isa = PBXGroup;
			children = (
				12AF7B8720B11B2D006B5AD3 /* GetCommentResponse.swift */,
			);
			path = Responses;
			sourceTree = "<group>";
		};
/* End PBXGroup section */

/* Begin PBXNativeTarget section */
		1298C94220B03CC700ED2183 /* MVC-N */ = {
			isa = PBXNativeTarget;
			buildConfigurationList = 1298C95520B03CC700ED2183 /* Build configuration list for PBXNativeTarget "MVC-N" */;
			buildPhases = (
				1298C93F20B03CC700ED2183 /* Sources */,
				1298C94020B03CC700ED2183 /* Frameworks */,
				1298C94120B03CC700ED2183 /* Resources */,
			);
			buildRules = (
			);
			dependencies = (
			);
			name = "MVC-N";
			productName = "MVC-N";
			productReference = 1298C94320B03CC700ED2183 /* MVC-N.app */;
			productType = "com.apple.product-type.application";
		};
/* End PBXNativeTarget section */

/* Begin PBXProject section */
		1298C93B20B03CC700ED2183 /* Project object */ = {
			isa = PBXProject;
			attributes = {
				LastSwiftUpdateCheck = 0920;
				LastUpgradeCheck = 0920;
				ORGANIZATIONNAME = Sergey;
				TargetAttributes = {
					1298C94220B03CC700ED2183 = {
						CreatedOnToolsVersion = 9.2;
						ProvisioningStyle = Automatic;
					};
				};
			};
			buildConfigurationList = 1298C93E20B03CC700ED2183 /* Build configuration list for PBXProject "MVC-N" */;
			compatibilityVersion = "Xcode 8.0";
			developmentRegion = en;
			hasScannedForEncodings = 0;
			knownRegions = (
				en,
				Base,
			);
			mainGroup = 1298C93A20B03CC700ED2183;
			productRefGroup = 1298C94420B03CC700ED2183 /* Products */;
			projectDirPath = "";
			projectRoot = "";
			targets = (
				1298C94220B03CC700ED2183 /* MVC-N */,
			);
		};
/* End PBXProject section */

/* Begin PBXResourcesBuildPhase section */
		1298C94120B03CC700ED2183 /* Resources */ = {
			isa = PBXResourcesBuildPhase;
			buildActionMask = 2147483647;
			files = (
				1298C95120B03CC700ED2183 /* LaunchScreen.storyboard in Resources */,
				1298C94E20B03CC700ED2183 /* Assets.xcassets in Resources */,
				1298C94C20B03CC700ED2183 /* Comments.storyboard in Resources */,
			);
			runOnlyForDeploymentPostprocessing = 0;
		};
/* End PBXResourcesBuildPhase section */

/* Begin PBXSourcesBuildPhase section */
		1298C93F20B03CC700ED2183 /* Sources */ = {
			isa = PBXSourcesBuildPhase;
			buildActionMask = 2147483647;
			files = (
				12AF7B8320B11351006B5AD3 /* NetworkService.swift in Sources */,
				1298C94920B03CC700ED2183 /* CommentsViewController.swift in Sources */,
				1298C94720B03CC700ED2183 /* AppDelegate.swift in Sources */,
				12AF7B8820B11B2D006B5AD3 /* GetCommentResponse.swift in Sources */,
				12C8B35520B1F392007E39DE /* NeworkError.swift in Sources */,
				12AF7B7E20B10B48006B5AD3 /* CommentCell.swift in Sources */,
				12AF7B8620B11913006B5AD3 /* CommentNetworkService.swift in Sources */,
				12AF7B8020B10E81006B5AD3 /* Comment.swift in Sources */,
			);
			runOnlyForDeploymentPostprocessing = 0;
		};
/* End PBXSourcesBuildPhase section */

/* Begin PBXVariantGroup section */
		1298C94A20B03CC700ED2183 /* Comments.storyboard */ = {
			isa = PBXVariantGroup;
			children = (
				1298C94B20B03CC700ED2183 /* Base */,
			);
			name = Comments.storyboard;
			sourceTree = "<group>";
		};
		1298C94F20B03CC700ED2183 /* LaunchScreen.storyboard */ = {
			isa = PBXVariantGroup;
			children = (
				1298C95020B03CC700ED2183 /* Base */,
			);
			name = LaunchScreen.storyboard;
			sourceTree = "<group>";
		};
/* End PBXVariantGroup section */

/* Begin XCBuildConfiguration section */
		1298C95320B03CC700ED2183 /* Debug */ = {
			isa = XCBuildConfiguration;
			buildSettings = {
				ALWAYS_SEARCH_USER_PATHS = NO;
				CLANG_ANALYZER_NONNULL = YES;
				CLANG_ANALYZER_NUMBER_OBJECT_CONVERSION = YES_AGGRESSIVE;
				CLANG_CXX_LANGUAGE_STANDARD = "gnu++14";
				CLANG_CXX_LIBRARY = "libc++";
				CLANG_ENABLE_MODULES = YES;
				CLANG_ENABLE_OBJC_ARC = YES;
				CLANG_WARN_BLOCK_CAPTURE_AUTORELEASING = YES;
				CLANG_WARN_BOOL_CONVERSION = YES;
				CLANG_WARN_COMMA = YES;
				CLANG_WARN_CONSTANT_CONVERSION = YES;
				CLANG_WARN_DIRECT_OBJC_ISA_USAGE = YES_ERROR;
				CLANG_WARN_DOCUMENTATION_COMMENTS = YES;
				CLANG_WARN_EMPTY_BODY = YES;
				CLANG_WARN_ENUM_CONVERSION = YES;
				CLANG_WARN_INFINITE_RECURSION = YES;
				CLANG_WARN_INT_CONVERSION = YES;
				CLANG_WARN_NON_LITERAL_NULL_CONVERSION = YES;
				CLANG_WARN_OBJC_LITERAL_CONVERSION = YES;
				CLANG_WARN_OBJC_ROOT_CLASS = YES_ERROR;
				CLANG_WARN_RANGE_LOOP_ANALYSIS = YES;
				CLANG_WARN_STRICT_PROTOTYPES = YES;
				CLANG_WARN_SUSPICIOUS_MOVE = YES;
				CLANG_WARN_UNGUARDED_AVAILABILITY = YES_AGGRESSIVE;
				CLANG_WARN_UNREACHABLE_CODE = YES;
				CLANG_WARN__DUPLICATE_METHOD_MATCH = YES;
				CODE_SIGN_IDENTITY = "iPhone Developer";
				COPY_PHASE_STRIP = NO;
				DEBUG_INFORMATION_FORMAT = dwarf;
				ENABLE_STRICT_OBJC_MSGSEND = YES;
				ENABLE_TESTABILITY = YES;
				GCC_C_LANGUAGE_STANDARD = gnu11;
				GCC_DYNAMIC_NO_PIC = NO;
				GCC_NO_COMMON_BLOCKS = YES;
				GCC_OPTIMIZATION_LEVEL = 0;
				GCC_PREPROCESSOR_DEFINITIONS = (
					"DEBUG=1",
					"$(inherited)",
				);
				GCC_WARN_64_TO_32_BIT_CONVERSION = YES;
				GCC_WARN_ABOUT_RETURN_TYPE = YES_ERROR;
				GCC_WARN_UNDECLARED_SELECTOR = YES;
				GCC_WARN_UNINITIALIZED_AUTOS = YES_AGGRESSIVE;
				GCC_WARN_UNUSED_FUNCTION = YES;
				GCC_WARN_UNUSED_VARIABLE = YES;
				IPHONEOS_DEPLOYMENT_TARGET = 11.2;
				MTL_ENABLE_DEBUG_INFO = YES;
				ONLY_ACTIVE_ARCH = YES;
				SDKROOT = iphoneos;
				SWIFT_ACTIVE_COMPILATION_CONDITIONS = DEBUG;
				SWIFT_OPTIMIZATION_LEVEL = "-Onone";
			};
			name = Debug;
		};
		1298C95420B03CC700ED2183 /* Release */ = {
			isa = XCBuildConfiguration;
			buildSettings = {
				ALWAYS_SEARCH_USER_PATHS = NO;
				CLANG_ANALYZER_NONNULL = YES;
				CLANG_ANALYZER_NUMBER_OBJECT_CONVERSION = YES_AGGRESSIVE;
				CLANG_CXX_LANGUAGE_STANDARD = "gnu++14";
				CLANG_CXX_LIBRARY = "libc++";
				CLANG_ENABLE_MODULES = YES;
				CLANG_ENABLE_OBJC_ARC = YES;
				CLANG_WARN_BLOCK_CAPTURE_AUTORELEASING = YES;
				CLANG_WARN_BOOL_CONVERSION = YES;
				CLANG_WARN_COMMA = YES;
				CLANG_WARN_CONSTANT_CONVERSION = YES;
				CLANG_WARN_DIRECT_OBJC_ISA_USAGE = YES_ERROR;
				CLANG_WARN_DOCUMENTATION_COMMENTS = YES;
				CLANG_WARN_EMPTY_BODY = YES;
				CLANG_WARN_ENUM_CONVERSION = YES;
				CLANG_WARN_INFINITE_RECURSION = YES;
				CLANG_WARN_INT_CONVERSION = YES;
				CLANG_WARN_NON_LITERAL_NULL_CONVERSION = YES;
				CLANG_WARN_OBJC_LITERAL_CONVERSION = YES;
				CLANG_WARN_OBJC_ROOT_CLASS = YES_ERROR;
				CLANG_WARN_RANGE_LOOP_ANALYSIS = YES;
				CLANG_WARN_STRICT_PROTOTYPES = YES;
				CLANG_WARN_SUSPICIOUS_MOVE = YES;
				CLANG_WARN_UNGUARDED_AVAILABILITY = YES_AGGRESSIVE;
				CLANG_WARN_UNREACHABLE_CODE = YES;
				CLANG_WARN__DUPLICATE_METHOD_MATCH = YES;
				CODE_SIGN_IDENTITY = "iPhone Developer";
				COPY_PHASE_STRIP = NO;
				DEBUG_INFORMATION_FORMAT = "dwarf-with-dsym";
				ENABLE_NS_ASSERTIONS = NO;
				ENABLE_STRICT_OBJC_MSGSEND = YES;
				GCC_C_LANGUAGE_STANDARD = gnu11;
				GCC_NO_COMMON_BLOCKS = YES;
				GCC_WARN_64_TO_32_BIT_CONVERSION = YES;
				GCC_WARN_ABOUT_RETURN_TYPE = YES_ERROR;
				GCC_WARN_UNDECLARED_SELECTOR = YES;
				GCC_WARN_UNINITIALIZED_AUTOS = YES_AGGRESSIVE;
				GCC_WARN_UNUSED_FUNCTION = YES;
				GCC_WARN_UNUSED_VARIABLE = YES;
				IPHONEOS_DEPLOYMENT_TARGET = 11.2;
				MTL_ENABLE_DEBUG_INFO = NO;
				SDKROOT = iphoneos;
				SWIFT_OPTIMIZATION_LEVEL = "-Owholemodule";
				VALIDATE_PRODUCT = YES;
			};
			name = Release;
		};
		1298C95620B03CC700ED2183 /* Debug */ = {
			isa = XCBuildConfiguration;
			buildSettings = {
				ASSETCATALOG_COMPILER_APPICON_NAME = AppIcon;
				CODE_SIGN_STYLE = Automatic;
				DEVELOPMENT_TEAM = 793H8AL498;
				INFOPLIST_FILE = "$(SRCROOT)/MVC-N/SupportingFiles/Info.plist";
				LD_RUNPATH_SEARCH_PATHS = "$(inherited) @executable_path/Frameworks";
				PRODUCT_BUNDLE_IDENTIFIER = "sergey.MVC-N";
				PRODUCT_NAME = "$(TARGET_NAME)";
				SWIFT_VERSION = 4.0;
				TARGETED_DEVICE_FAMILY = "1,2";
			};
			name = Debug;
		};
		1298C95720B03CC700ED2183 /* Release */ = {
			isa = XCBuildConfiguration;
			buildSettings = {
				ASSETCATALOG_COMPILER_APPICON_NAME = AppIcon;
				CODE_SIGN_STYLE = Automatic;
				DEVELOPMENT_TEAM = 793H8AL498;
				INFOPLIST_FILE = "$(SRCROOT)/MVC-N/SupportingFiles/Info.plist";
				LD_RUNPATH_SEARCH_PATHS = "$(inherited) @executable_path/Frameworks";
				PRODUCT_BUNDLE_IDENTIFIER = "sergey.MVC-N";
				PRODUCT_NAME = "$(TARGET_NAME)";
				SWIFT_VERSION = 4.0;
				TARGETED_DEVICE_FAMILY = "1,2";
			};
			name = Release;
		};
/* End XCBuildConfiguration section */

/* Begin XCConfigurationList section */
		1298C93E20B03CC700ED2183 /* Build configuration list for PBXProject "MVC-N" */ = {
			isa = XCConfigurationList;
			buildConfigurations = (
				1298C95320B03CC700ED2183 /* Debug */,
				1298C95420B03CC700ED2183 /* Release */,
			);
			defaultConfigurationIsVisible = 0;
			defaultConfigurationName = Release;
		};
		1298C95520B03CC700ED2183 /* Build configuration list for PBXNativeTarget "MVC-N" */ = {
			isa = XCConfigurationList;
			buildConfigurations = (
				1298C95620B03CC700ED2183 /* Debug */,
				1298C95720B03CC700ED2183 /* Release */,
			);
			defaultConfigurationIsVisible = 0;
			defaultConfigurationName = Release;
		};
/* End XCConfigurationList section */
	};
	rootObject = 1298C93B20B03CC700ED2183 /* Project object */;
}
